
Microsoft Visual Studio Solution File, Format Version 12.00
# Visual Studio Version 17
VisualStudioVersion = 17.8.34511.84
MinimumVisualStudioVersion = 10.0.40219.1
Project("{9A19103F-16F7-4668-BE54-9A1E7A4F7556}") = "Sandbox", "Sandbox\Sandbox.csproj", "{1A0766A4-F8FD-4CE9-BD91-D121722EEB2E}"
EndProject
Project("{9A19103F-16F7-4668-BE54-9A1E7A4F7556}") = "MathLibrary", "MathLibrary\MathLibrary.csproj", "{6436F7D1-53B5-48FF-B09A-156BC1EA1211}"
EndProject
Project("{9A19103F-16F7-4668-BE54-9A1E7A4F7556}") = "MathLibraryTests", "MathLibraryTests\MathLibraryTests.csproj", "{0CCAB72F-CBEF-437A-9D23-39640C1CD2A6}"
EndProject
Global
	GlobalSection(SolutionConfigurationPlatforms) = preSolution
		Debug|Any CPU = Debug|Any CPU
		Release|Any CPU = Release|Any CPU
	EndGlobalSection
	GlobalSection(ProjectConfigurationPlatforms) = postSolution
		{1A0766A4-F8FD-4CE9-BD91-D121722EEB2E}.Debug|Any CPU.ActiveCfg = Debug|Any CPU
		{1A0766A4-F8FD-4CE9-BD91-D121722EEB2E}.Debug|Any CPU.Build.0 = Debug|Any CPU
		{1A0766A4-F8FD-4CE9-BD91-D121722EEB2E}.Release|Any CPU.ActiveCfg = Release|Any CPU
		{1A0766A4-F8FD-4CE9-BD91-D121722EEB2E}.Release|Any CPU.Build.0 = Release|Any CPU
		{6436F7D1-53B5-48FF-B09A-156BC1EA1211}.Debug|Any CPU.ActiveCfg = Debug|Any CPU
		{6436F7D1-53B5-48FF-B09A-156BC1EA1211}.Debug|Any CPU.Build.0 = Debug|Any CPU
		{6436F7D1-53B5-48FF-B09A-156BC1EA1211}.Release|Any CPU.ActiveCfg = Release|Any CPU
		{6436F7D1-53B5-48FF-B09A-156BC1EA1211}.Release|Any CPU.Build.0 = Release|Any CPU
		{0CCAB72F-CBEF-437A-9D23-39640C1CD2A6}.Debug|Any CPU.ActiveCfg = Debug|Any CPU
		{0CCAB72F-CBEF-437A-9D23-39640C1CD2A6}.Debug|Any CPU.Build.0 = Debug|Any CPU
		{0CCAB72F-CBEF-437A-9D23-39640C1CD2A6}.Release|Any CPU.ActiveCfg = Release|Any CPU
		{0CCAB72F-CBEF-437A-9D23-39640C1CD2A6}.Release|Any CPU.Build.0 = Release|Any CPU
	EndGlobalSection
	GlobalSection(SolutionProperties) = preSolution
		HideSolutionNode = FALSE
	EndGlobalSection
	GlobalSection(ExtensibilityGlobals) = postSolution
		SolutionGuid = {6FBA58C4-38DE-4914-924A-92EAC9D60291}
	EndGlobalSection
EndGlobal
